
Microsoft Visual Studio Solution File, Format Version 12.00
# Visual Studio 2012
Project("{FAE04EC0-301F-11D3-BF4B-00C04F79EFBC}") = "CreditGUI", "CreditGUI\CreditGUI.csproj", "{6634D509-9A7B-4640-869E-B9589F035853}"
EndProject
Global
	GlobalSection(SolutionConfigurationPlatforms) = preSolution
		Debug|Any CPU = Debug|Any CPU
		Release|Any CPU = Release|Any CPU
	EndGlobalSection
	GlobalSection(ProjectConfigurationPlatforms) = postSolution
		{6634D509-9A7B-4640-869E-B9589F035853}.Debug|Any CPU.ActiveCfg = Debug|Any CPU
		{6634D509-9A7B-4640-869E-B9589F035853}.Debug|Any CPU.Build.0 = Debug|Any CPU
		{6634D509-9A7B-4640-869E-B9589F035853}.Release|Any CPU.ActiveCfg = Release|Any CPU
		{6634D509-9A7B-4640-869E-B9589F035853}.Release|Any CPU.Build.0 = Release|Any CPU
	EndGlobalSection
	GlobalSection(SolutionProperties) = preSolution
		HideSolutionNode = FALSE
	EndGlobalSection
EndGlobal
